// !$*UTF8*$!
{
	archiveVersion = 1;
	classes = {
	};
	objectVersion = 55;
	objects = {

/* Begin PBXBuildFile section */
		8400A91528C941F8002E7AAA /* PrinterooApp.swift in Sources */ = {isa = PBXBuildFile; fileRef = 8400A91428C941F8002E7AAA /* PrinterooApp.swift */; };
		8400A91728C941F8002E7AAA /* ContentView.swift in Sources */ = {isa = PBXBuildFile; fileRef = 8400A91628C941F8002E7AAA /* ContentView.swift */; };
		8400A91928C941FD002E7AAA /* Assets.xcassets in Resources */ = {isa = PBXBuildFile; fileRef = 8400A91828C941FD002E7AAA /* Assets.xcassets */; };
		8400A91C28C941FD002E7AAA /* Preview Assets.xcassets in Resources */ = {isa = PBXBuildFile; fileRef = 8400A91B28C941FD002E7AAA /* Preview Assets.xcassets */; };
		8400A92628C941FD002E7AAA /* PrinterooTests.swift in Sources */ = {isa = PBXBuildFile; fileRef = 8400A92528C941FD002E7AAA /* PrinterooTests.swift */; };
		8400A93028C941FD002E7AAA /* PrinterooUITests.swift in Sources */ = {isa = PBXBuildFile; fileRef = 8400A92F28C941FD002E7AAA /* PrinterooUITests.swift */; };
		8400A93228C941FD002E7AAA /* PrinterooUITestsLaunchTests.swift in Sources */ = {isa = PBXBuildFile; fileRef = 8400A93128C941FD002E7AAA /* PrinterooUITestsLaunchTests.swift */; };
		8416167B28CCF146002D959A /* FirebaseAnalytics in Frameworks */ = {isa = PBXBuildFile; productRef = 8416167A28CCF146002D959A /* FirebaseAnalytics */; };
		8416167D28CCF146002D959A /* FirebaseAnalyticsSwift in Frameworks */ = {isa = PBXBuildFile; productRef = 8416167C28CCF146002D959A /* FirebaseAnalyticsSwift */; };
		8416167F28CCF146002D959A /* FirebaseAuth in Frameworks */ = {isa = PBXBuildFile; productRef = 8416167E28CCF146002D959A /* FirebaseAuth */; };
		8416168128CCF146002D959A /* FirebaseCrashlytics in Frameworks */ = {isa = PBXBuildFile; productRef = 8416168028CCF146002D959A /* FirebaseCrashlytics */; };
		8416168328CCF146002D959A /* FirebaseDatabase in Frameworks */ = {isa = PBXBuildFile; productRef = 8416168228CCF146002D959A /* FirebaseDatabase */; };
		8416168528CCF146002D959A /* FirebaseDatabaseSwift in Frameworks */ = {isa = PBXBuildFile; productRef = 8416168428CCF146002D959A /* FirebaseDatabaseSwift */; };
		8416168728CCF146002D959A /* FirebaseFunctions in Frameworks */ = {isa = PBXBuildFile; productRef = 8416168628CCF146002D959A /* FirebaseFunctions */; };
		8416168928CCF146002D959A /* FirebaseMessaging in Frameworks */ = {isa = PBXBuildFile; productRef = 8416168828CCF146002D959A /* FirebaseMessaging */; };
		8416168B28CCF146002D959A /* FirebaseStorage in Frameworks */ = {isa = PBXBuildFile; productRef = 8416168A28CCF146002D959A /* FirebaseStorage */; };
		8416168D28CCF1B2002D959A /* GoogleService-Info.plist in Resources */ = {isa = PBXBuildFile; fileRef = 8416168C28CCF1B2002D959A /* GoogleService-Info.plist */; };
		8416168F28CD1E5C002D959A /* PrelogViewModel.swift in Sources */ = {isa = PBXBuildFile; fileRef = 8416168E28CD1E5B002D959A /* PrelogViewModel.swift */; };
		8416169128CD1F22002D959A /* LoginView.swift in Sources */ = {isa = PBXBuildFile; fileRef = 8416169028CD1F22002D959A /* LoginView.swift */; };
		8416169328CD1F78002D959A /* LoginViewModel.swift in Sources */ = {isa = PBXBuildFile; fileRef = 8416169228CD1F78002D959A /* LoginViewModel.swift */; };
		8416169528CD1FB9002D959A /* Toast.swift in Sources */ = {isa = PBXBuildFile; fileRef = 8416169428CD1FB8002D959A /* Toast.swift */; };
		8416169728CD2002002D959A /* CreateAccountViewModel.swift in Sources */ = {isa = PBXBuildFile; fileRef = 8416169628CD2002002D959A /* CreateAccountViewModel.swift */; };
		8416169928CD2050002D959A /* CreateAccountView.swift in Sources */ = {isa = PBXBuildFile; fileRef = 8416169828CD2050002D959A /* CreateAccountView.swift */; };
		8416169B28CD2098002D959A /* CustomTextbox.swift in Sources */ = {isa = PBXBuildFile; fileRef = 8416169A28CD2098002D959A /* CustomTextbox.swift */; };
		8416169D28CD2122002D959A /* View+Placeholder.swift in Sources */ = {isa = PBXBuildFile; fileRef = 8416169C28CD2122002D959A /* View+Placeholder.swift */; };
		8416169F28CD215F002D959A /* CustomTitleText.swift in Sources */ = {isa = PBXBuildFile; fileRef = 8416169E28CD215F002D959A /* CustomTitleText.swift */; };
		841616A128CD2216002D959A /* CustomDimensions.swift in Sources */ = {isa = PBXBuildFile; fileRef = 841616A028CD2216002D959A /* CustomDimensions.swift */; };
		841616A328CD2265002D959A /* CustomSecureTextbox.swift in Sources */ = {isa = PBXBuildFile; fileRef = 841616A228CD2265002D959A /* CustomSecureTextbox.swift */; };
		841616A528CD22CE002D959A /* StateCodes.swift in Sources */ = {isa = PBXBuildFile; fileRef = 841616A428CD22CE002D959A /* StateCodes.swift */; };
		841616AD28CFBA20002D959A /* Stripe in Frameworks */ = {isa = PBXBuildFile; productRef = 841616AC28CFBA20002D959A /* Stripe */; };
		841616AF28CFBA20002D959A /* StripeApplePay in Frameworks */ = {isa = PBXBuildFile; productRef = 841616AE28CFBA20002D959A /* StripeApplePay */; };
		841616B128CFBA20002D959A /* StripeCardScan in Frameworks */ = {isa = PBXBuildFile; productRef = 841616B028CFBA20002D959A /* StripeCardScan */; };
		841616B328CFBA20002D959A /* StripeFinancialConnections in Frameworks */ = {isa = PBXBuildFile; productRef = 841616B228CFBA20002D959A /* StripeFinancialConnections */; };
		841616B528CFBA20002D959A /* StripeIdentity in Frameworks */ = {isa = PBXBuildFile; productRef = 841616B428CFBA20002D959A /* StripeIdentity */; };
		841616BA28CFF849002D959A /* Mantis in Frameworks */ = {isa = PBXBuildFile; productRef = 841616B928CFF849002D959A /* Mantis */; };
		841616BC28D0B11D002D959A /* ImageEditor.swift in Sources */ = {isa = PBXBuildFile; fileRef = 841616BB28D0B11D002D959A /* ImageEditor.swift */; };
		84248B1028C967A3001582D0 /* PrelogView.swift in Sources */ = {isa = PBXBuildFile; fileRef = 84248B0F28C967A3001582D0 /* PrelogView.swift */; };
		84248B1328C967D7001582D0 /* CustomColors.swift in Sources */ = {isa = PBXBuildFile; fileRef = 84248B1228C967D7001582D0 /* CustomColors.swift */; };
		84248B1728C96881001582D0 /* Color+Hexcode.swift in Sources */ = {isa = PBXBuildFile; fileRef = 84248B1628C96881001582D0 /* Color+Hexcode.swift */; };
		84248B1E28CA4A50001582D0 /* OrderSelectionView.swift in Sources */ = {isa = PBXBuildFile; fileRef = 84248B1D28CA4A50001582D0 /* OrderSelectionView.swift */; };
		84248B2328CA4E4E001582D0 /* CheckoutItem.swift in Sources */ = {isa = PBXBuildFile; fileRef = 84248B2228CA4E4E001582D0 /* CheckoutItem.swift */; };
		84248B2528CA6727001582D0 /* View+isHidden.swift in Sources */ = {isa = PBXBuildFile; fileRef = 84248B2428CA6727001582D0 /* View+isHidden.swift */; };
		84248B2A28CA75ED001582D0 /* CameraViewModel.swift in Sources */ = {isa = PBXBuildFile; fileRef = 84248B2928CA75ED001582D0 /* CameraViewModel.swift */; };
		84248B2F28CA7AB2001582D0 /* ImagePicker.swift in Sources */ = {isa = PBXBuildFile; fileRef = 84248B2E28CA7AB2001582D0 /* ImagePicker.swift */; };
		84248B3128CAB3F1001582D0 /* CameraView.swift in Sources */ = {isa = PBXBuildFile; fileRef = 84248B3028CAB3F1001582D0 /* CameraView.swift */; };
		84248B3728CBBC3A001582D0 /* CameraPreview.swift in Sources */ = {isa = PBXBuildFile; fileRef = 84248B3628CBBC3A001582D0 /* CameraPreview.swift */; };
		84248B3928CBE303001582D0 /* OrderConfirmView.swift in Sources */ = {isa = PBXBuildFile; fileRef = 84248B3828CBE303001582D0 /* OrderConfirmView.swift */; };
		84248B3D28CBE83D001582D0 /* OrderSelectionViewModel.swift in Sources */ = {isa = PBXBuildFile; fileRef = 84248B3C28CBE83D001582D0 /* OrderSelectionViewModel.swift */; };
/* End PBXBuildFile section */

/* Begin PBXContainerItemProxy section */
		8400A92228C941FD002E7AAA /* PBXContainerItemProxy */ = {
			isa = PBXContainerItemProxy;
			containerPortal = 8400A90928C941F8002E7AAA /* Project object */;
			proxyType = 1;
			remoteGlobalIDString = 8400A91028C941F8002E7AAA;
			remoteInfo = Printeroo;
		};
		8400A92C28C941FD002E7AAA /* PBXContainerItemProxy */ = {
			isa = PBXContainerItemProxy;
			containerPortal = 8400A90928C941F8002E7AAA /* Project object */;
			proxyType = 1;
			remoteGlobalIDString = 8400A91028C941F8002E7AAA;
			remoteInfo = Printeroo;
		};
/* End PBXContainerItemProxy section */

/* Begin PBXFileReference section */
		8400A91128C941F8002E7AAA /* Printeroo.app */ = {isa = PBXFileReference; explicitFileType = wrapper.application; includeInIndex = 0; path = Printeroo.app; sourceTree = BUILT_PRODUCTS_DIR; };
		8400A91428C941F8002E7AAA /* PrinterooApp.swift */ = {isa = PBXFileReference; lastKnownFileType = sourcecode.swift; path = PrinterooApp.swift; sourceTree = "<group>"; };
		8400A91628C941F8002E7AAA /* ContentView.swift */ = {isa = PBXFileReference; lastKnownFileType = sourcecode.swift; path = ContentView.swift; sourceTree = "<group>"; };
		8400A91828C941FD002E7AAA /* Assets.xcassets */ = {isa = PBXFileReference; lastKnownFileType = folder.assetcatalog; path = Assets.xcassets; sourceTree = "<group>"; };
		8400A91B28C941FD002E7AAA /* Preview Assets.xcassets */ = {isa = PBXFileReference; lastKnownFileType = folder.assetcatalog; path = "Preview Assets.xcassets"; sourceTree = "<group>"; };
		8400A92128C941FD002E7AAA /* PrinterooTests.xctest */ = {isa = PBXFileReference; explicitFileType = wrapper.cfbundle; includeInIndex = 0; path = PrinterooTests.xctest; sourceTree = BUILT_PRODUCTS_DIR; };
		8400A92528C941FD002E7AAA /* PrinterooTests.swift */ = {isa = PBXFileReference; lastKnownFileType = sourcecode.swift; path = PrinterooTests.swift; sourceTree = "<group>"; };
		8400A92B28C941FD002E7AAA /* PrinterooUITests.xctest */ = {isa = PBXFileReference; explicitFileType = wrapper.cfbundle; includeInIndex = 0; path = PrinterooUITests.xctest; sourceTree = BUILT_PRODUCTS_DIR; };
		8400A92F28C941FD002E7AAA /* PrinterooUITests.swift */ = {isa = PBXFileReference; lastKnownFileType = sourcecode.swift; path = PrinterooUITests.swift; sourceTree = "<group>"; };
		8400A93128C941FD002E7AAA /* PrinterooUITestsLaunchTests.swift */ = {isa = PBXFileReference; lastKnownFileType = sourcecode.swift; path = PrinterooUITestsLaunchTests.swift; sourceTree = "<group>"; };
		8416168C28CCF1B2002D959A /* GoogleService-Info.plist */ = {isa = PBXFileReference; fileEncoding = 4; lastKnownFileType = text.plist.xml; path = "GoogleService-Info.plist"; sourceTree = "<group>"; };
		8416168E28CD1E5B002D959A /* PrelogViewModel.swift */ = {isa = PBXFileReference; lastKnownFileType = sourcecode.swift; path = PrelogViewModel.swift; sourceTree = "<group>"; };
		8416169028CD1F22002D959A /* LoginView.swift */ = {isa = PBXFileReference; lastKnownFileType = sourcecode.swift; path = LoginView.swift; sourceTree = "<group>"; };
		8416169228CD1F78002D959A /* LoginViewModel.swift */ = {isa = PBXFileReference; lastKnownFileType = sourcecode.swift; path = LoginViewModel.swift; sourceTree = "<group>"; };
		8416169428CD1FB8002D959A /* Toast.swift */ = {isa = PBXFileReference; lastKnownFileType = sourcecode.swift; path = Toast.swift; sourceTree = "<group>"; };
		8416169628CD2002002D959A /* CreateAccountViewModel.swift */ = {isa = PBXFileReference; lastKnownFileType = sourcecode.swift; path = CreateAccountViewModel.swift; sourceTree = "<group>"; };
		8416169828CD2050002D959A /* CreateAccountView.swift */ = {isa = PBXFileReference; lastKnownFileType = sourcecode.swift; path = CreateAccountView.swift; sourceTree = "<group>"; };
		8416169A28CD2098002D959A /* CustomTextbox.swift */ = {isa = PBXFileReference; lastKnownFileType = sourcecode.swift; path = CustomTextbox.swift; sourceTree = "<group>"; };
		8416169C28CD2122002D959A /* View+Placeholder.swift */ = {isa = PBXFileReference; lastKnownFileType = sourcecode.swift; path = "View+Placeholder.swift"; sourceTree = "<group>"; };
		8416169E28CD215F002D959A /* CustomTitleText.swift */ = {isa = PBXFileReference; lastKnownFileType = sourcecode.swift; path = CustomTitleText.swift; sourceTree = "<group>"; };
		841616A028CD2216002D959A /* CustomDimensions.swift */ = {isa = PBXFileReference; lastKnownFileType = sourcecode.swift; path = CustomDimensions.swift; sourceTree = "<group>"; };
		841616A228CD2265002D959A /* CustomSecureTextbox.swift */ = {isa = PBXFileReference; lastKnownFileType = sourcecode.swift; path = CustomSecureTextbox.swift; sourceTree = "<group>"; };
		841616A428CD22CE002D959A /* StateCodes.swift */ = {isa = PBXFileReference; lastKnownFileType = sourcecode.swift; path = StateCodes.swift; sourceTree = "<group>"; };
		841616BB28D0B11D002D959A /* ImageEditor.swift */ = {isa = PBXFileReference; lastKnownFileType = sourcecode.swift; path = ImageEditor.swift; sourceTree = "<group>"; };
		84248B0F28C967A3001582D0 /* PrelogView.swift */ = {isa = PBXFileReference; lastKnownFileType = sourcecode.swift; path = PrelogView.swift; sourceTree = "<group>"; };
		84248B1228C967D7001582D0 /* CustomColors.swift */ = {isa = PBXFileReference; lastKnownFileType = sourcecode.swift; path = CustomColors.swift; sourceTree = "<group>"; };
		84248B1628C96881001582D0 /* Color+Hexcode.swift */ = {isa = PBXFileReference; lastKnownFileType = sourcecode.swift; path = "Color+Hexcode.swift"; sourceTree = "<group>"; };
		84248B1D28CA4A50001582D0 /* OrderSelectionView.swift */ = {isa = PBXFileReference; lastKnownFileType = sourcecode.swift; path = OrderSelectionView.swift; sourceTree = "<group>"; };
		84248B2228CA4E4E001582D0 /* CheckoutItem.swift */ = {isa = PBXFileReference; lastKnownFileType = sourcecode.swift; path = CheckoutItem.swift; sourceTree = "<group>"; };
		84248B2428CA6727001582D0 /* View+isHidden.swift */ = {isa = PBXFileReference; lastKnownFileType = sourcecode.swift; path = "View+isHidden.swift"; sourceTree = "<group>"; };
		84248B2928CA75ED001582D0 /* CameraViewModel.swift */ = {isa = PBXFileReference; lastKnownFileType = sourcecode.swift; path = CameraViewModel.swift; sourceTree = "<group>"; };
		84248B2E28CA7AB2001582D0 /* ImagePicker.swift */ = {isa = PBXFileReference; lastKnownFileType = sourcecode.swift; path = ImagePicker.swift; sourceTree = "<group>"; };
		84248B3028CAB3F1001582D0 /* CameraView.swift */ = {isa = PBXFileReference; lastKnownFileType = sourcecode.swift; path = CameraView.swift; sourceTree = "<group>"; };
		84248B3228CBA9A8001582D0 /* notes.md */ = {isa = PBXFileReference; lastKnownFileType = net.daringfireball.markdown; path = notes.md; sourceTree = "<group>"; };
		84248B3628CBBC3A001582D0 /* CameraPreview.swift */ = {isa = PBXFileReference; lastKnownFileType = sourcecode.swift; path = CameraPreview.swift; sourceTree = "<group>"; };
		84248B3828CBE303001582D0 /* OrderConfirmView.swift */ = {isa = PBXFileReference; lastKnownFileType = sourcecode.swift; path = OrderConfirmView.swift; sourceTree = "<group>"; };
		84248B3C28CBE83D001582D0 /* OrderSelectionViewModel.swift */ = {isa = PBXFileReference; lastKnownFileType = sourcecode.swift; path = OrderSelectionViewModel.swift; sourceTree = "<group>"; };
/* End PBXFileReference section */

/* Begin PBXFrameworksBuildPhase section */
		8400A90E28C941F8002E7AAA /* Frameworks */ = {
			isa = PBXFrameworksBuildPhase;
			buildActionMask = 2147483647;
			files = (
				841616BA28CFF849002D959A /* Mantis in Frameworks */,
				8416168928CCF146002D959A /* FirebaseMessaging in Frameworks */,
				8416168528CCF146002D959A /* FirebaseDatabaseSwift in Frameworks */,
				841616B328CFBA20002D959A /* StripeFinancialConnections in Frameworks */,
				8416168B28CCF146002D959A /* FirebaseStorage in Frameworks */,
				8416168728CCF146002D959A /* FirebaseFunctions in Frameworks */,
				8416168328CCF146002D959A /* FirebaseDatabase in Frameworks */,
				8416167D28CCF146002D959A /* FirebaseAnalyticsSwift in Frameworks */,
				841616B128CFBA20002D959A /* StripeCardScan in Frameworks */,
				841616AD28CFBA20002D959A /* Stripe in Frameworks */,
				8416168128CCF146002D959A /* FirebaseCrashlytics in Frameworks */,
				841616AF28CFBA20002D959A /* StripeApplePay in Frameworks */,
				841616B528CFBA20002D959A /* StripeIdentity in Frameworks */,
				8416167F28CCF146002D959A /* FirebaseAuth in Frameworks */,
				8416167B28CCF146002D959A /* FirebaseAnalytics in Frameworks */,
			);
			runOnlyForDeploymentPostprocessing = 0;
		};
		8400A91E28C941FD002E7AAA /* Frameworks */ = {
			isa = PBXFrameworksBuildPhase;
			buildActionMask = 2147483647;
			files = (
			);
			runOnlyForDeploymentPostprocessing = 0;
		};
		8400A92828C941FD002E7AAA /* Frameworks */ = {
			isa = PBXFrameworksBuildPhase;
			buildActionMask = 2147483647;
			files = (
			);
			runOnlyForDeploymentPostprocessing = 0;
		};
/* End PBXFrameworksBuildPhase section */

/* Begin PBXGroup section */
		8400A90828C941F8002E7AAA = {
			isa = PBXGroup;
			children = (
				84248B3228CBA9A8001582D0 /* notes.md */,
				8400A91328C941F8002E7AAA /* Printeroo */,
				8400A92428C941FD002E7AAA /* PrinterooTests */,
				8400A92E28C941FD002E7AAA /* PrinterooUITests */,
				8400A91228C941F8002E7AAA /* Products */,
			);
			sourceTree = "<group>";
		};
		8400A91228C941F8002E7AAA /* Products */ = {
			isa = PBXGroup;
			children = (
				8400A91128C941F8002E7AAA /* Printeroo.app */,
				8400A92128C941FD002E7AAA /* PrinterooTests.xctest */,
				8400A92B28C941FD002E7AAA /* PrinterooUITests.xctest */,
			);
			name = Products;
			sourceTree = "<group>";
		};
		8400A91328C941F8002E7AAA /* Printeroo */ = {
			isa = PBXGroup;
			children = (
				8416168C28CCF1B2002D959A /* GoogleService-Info.plist */,
				84248B3528CBBC1F001582D0 /* WrappedUIKit */,
				84248B2B28CA7808001582D0 /* Models */,
				84248B2828CA75E0001582D0 /* ViewModels */,
				84248B1128C967B9001582D0 /* Views */,
				84248B2128CA4DCD001582D0 /* Components */,
				84248B1528C96813001582D0 /* Extensions */,
				84248B1A28CA4476001582D0 /* Utils */,
				84248B1428C967DC001582D0 /* Constants */,
				8400A91428C941F8002E7AAA /* PrinterooApp.swift */,
				8400A91628C941F8002E7AAA /* ContentView.swift */,
				8400A91828C941FD002E7AAA /* Assets.xcassets */,
				8400A91A28C941FD002E7AAA /* Preview Content */,
			);
			path = Printeroo;
			sourceTree = "<group>";
		};
		8400A91A28C941FD002E7AAA /* Preview Content */ = {
			isa = PBXGroup;
			children = (
				8400A91B28C941FD002E7AAA /* Preview Assets.xcassets */,
			);
			path = "Preview Content";
			sourceTree = "<group>";
		};
		8400A92428C941FD002E7AAA /* PrinterooTests */ = {
			isa = PBXGroup;
			children = (
				8400A92528C941FD002E7AAA /* PrinterooTests.swift */,
			);
			path = PrinterooTests;
			sourceTree = "<group>";
		};
		8400A92E28C941FD002E7AAA /* PrinterooUITests */ = {
			isa = PBXGroup;
			children = (
				8400A92F28C941FD002E7AAA /* PrinterooUITests.swift */,
				8400A93128C941FD002E7AAA /* PrinterooUITestsLaunchTests.swift */,
			);
			path = PrinterooUITests;
			sourceTree = "<group>";
		};
		84248B1128C967B9001582D0 /* Views */ = {
			isa = PBXGroup;
			children = (
				84248B1D28CA4A50001582D0 /* OrderSelectionView.swift */,
				84248B3828CBE303001582D0 /* OrderConfirmView.swift */,
				84248B3028CAB3F1001582D0 /* CameraView.swift */,
				8416169028CD1F22002D959A /* LoginView.swift */,
				8416169828CD2050002D959A /* CreateAccountView.swift */,
				84248B0F28C967A3001582D0 /* PrelogView.swift */,
			);
			path = Views;
			sourceTree = "<group>";
		};
		84248B1428C967DC001582D0 /* Constants */ = {
			isa = PBXGroup;
			children = (
				84248B1228C967D7001582D0 /* CustomColors.swift */,
				841616A028CD2216002D959A /* CustomDimensions.swift */,
				841616A428CD22CE002D959A /* StateCodes.swift */,
			);
			path = Constants;
			sourceTree = "<group>";
		};
		84248B1528C96813001582D0 /* Extensions */ = {
			isa = PBXGroup;
			children = (
				84248B1628C96881001582D0 /* Color+Hexcode.swift */,
				84248B2428CA6727001582D0 /* View+isHidden.swift */,
				8416169C28CD2122002D959A /* View+Placeholder.swift */,
			);
			path = Extensions;
			sourceTree = "<group>";
		};
		84248B1A28CA4476001582D0 /* Utils */ = {
			isa = PBXGroup;
			children = (
				8416169428CD1FB8002D959A /* Toast.swift */,
			);
			path = Utils;
			sourceTree = "<group>";
		};
		84248B2128CA4DCD001582D0 /* Components */ = {
			isa = PBXGroup;
			children = (
				84248B2228CA4E4E001582D0 /* CheckoutItem.swift */,
				8416169A28CD2098002D959A /* CustomTextbox.swift */,
				8416169E28CD215F002D959A /* CustomTitleText.swift */,
				841616A228CD2265002D959A /* CustomSecureTextbox.swift */,
			);
			path = Components;
			sourceTree = "<group>";
		};
		84248B2828CA75E0001582D0 /* ViewModels */ = {
			isa = PBXGroup;
			children = (
				84248B2928CA75ED001582D0 /* CameraViewModel.swift */,
				84248B3C28CBE83D001582D0 /* OrderSelectionViewModel.swift */,
				8416169228CD1F78002D959A /* LoginViewModel.swift */,
				8416169628CD2002002D959A /* CreateAccountViewModel.swift */,
				8416168E28CD1E5B002D959A /* PrelogViewModel.swift */,
			);
			path = ViewModels;
			sourceTree = "<group>";
		};
		84248B2B28CA7808001582D0 /* Models */ = {
			isa = PBXGroup;
			children = (
			);
			path = Models;
			sourceTree = "<group>";
		};
		84248B3528CBBC1F001582D0 /* WrappedUIKit */ = {
			isa = PBXGroup;
			children = (
				84248B2E28CA7AB2001582D0 /* ImagePicker.swift */,
				84248B3628CBBC3A001582D0 /* CameraPreview.swift */,
				841616BB28D0B11D002D959A /* ImageEditor.swift */,
			);
			path = WrappedUIKit;
			sourceTree = "<group>";
		};
/* End PBXGroup section */

/* Begin PBXNativeTarget section */
		8400A91028C941F8002E7AAA /* Printeroo */ = {
			isa = PBXNativeTarget;
			buildConfigurationList = 8400A93528C941FD002E7AAA /* Build configuration list for PBXNativeTarget "Printeroo" */;
			buildPhases = (
				8400A90D28C941F8002E7AAA /* Sources */,
				8400A90E28C941F8002E7AAA /* Frameworks */,
				8400A90F28C941F8002E7AAA /* Resources */,
			);
			buildRules = (
			);
			dependencies = (
			);
			name = Printeroo;
			packageProductDependencies = (
				8416167A28CCF146002D959A /* FirebaseAnalytics */,
				8416167C28CCF146002D959A /* FirebaseAnalyticsSwift */,
				8416167E28CCF146002D959A /* FirebaseAuth */,
				8416168028CCF146002D959A /* FirebaseCrashlytics */,
				8416168228CCF146002D959A /* FirebaseDatabase */,
				8416168428CCF146002D959A /* FirebaseDatabaseSwift */,
				8416168628CCF146002D959A /* FirebaseFunctions */,
				8416168828CCF146002D959A /* FirebaseMessaging */,
				8416168A28CCF146002D959A /* FirebaseStorage */,
				841616AC28CFBA20002D959A /* Stripe */,
				841616AE28CFBA20002D959A /* StripeApplePay */,
				841616B028CFBA20002D959A /* StripeCardScan */,
				841616B228CFBA20002D959A /* StripeFinancialConnections */,
				841616B428CFBA20002D959A /* StripeIdentity */,
				841616B928CFF849002D959A /* Mantis */,
			);
			productName = Printeroo;
			productReference = 8400A91128C941F8002E7AAA /* Printeroo.app */;
			productType = "com.apple.product-type.application";
		};
		8400A92028C941FD002E7AAA /* PrinterooTests */ = {
			isa = PBXNativeTarget;
			buildConfigurationList = 8400A93828C941FD002E7AAA /* Build configuration list for PBXNativeTarget "PrinterooTests" */;
			buildPhases = (
				8400A91D28C941FD002E7AAA /* Sources */,
				8400A91E28C941FD002E7AAA /* Frameworks */,
				8400A91F28C941FD002E7AAA /* Resources */,
			);
			buildRules = (
			);
			dependencies = (
				8400A92328C941FD002E7AAA /* PBXTargetDependency */,
			);
			name = PrinterooTests;
			productName = PrinterooTests;
			productReference = 8400A92128C941FD002E7AAA /* PrinterooTests.xctest */;
			productType = "com.apple.product-type.bundle.unit-test";
		};
		8400A92A28C941FD002E7AAA /* PrinterooUITests */ = {
			isa = PBXNativeTarget;
			buildConfigurationList = 8400A93B28C941FD002E7AAA /* Build configuration list for PBXNativeTarget "PrinterooUITests" */;
			buildPhases = (
				8400A92728C941FD002E7AAA /* Sources */,
				8400A92828C941FD002E7AAA /* Frameworks */,
				8400A92928C941FD002E7AAA /* Resources */,
			);
			buildRules = (
			);
			dependencies = (
				8400A92D28C941FD002E7AAA /* PBXTargetDependency */,
			);
			name = PrinterooUITests;
			productName = PrinterooUITests;
			productReference = 8400A92B28C941FD002E7AAA /* PrinterooUITests.xctest */;
			productType = "com.apple.product-type.bundle.ui-testing";
		};
/* End PBXNativeTarget section */

/* Begin PBXProject section */
		8400A90928C941F8002E7AAA /* Project object */ = {
			isa = PBXProject;
			attributes = {
				BuildIndependentTargetsInParallel = 1;
				LastSwiftUpdateCheck = 1340;
				LastUpgradeCheck = 1340;
				TargetAttributes = {
					8400A91028C941F8002E7AAA = {
						CreatedOnToolsVersion = 13.4.1;
					};
					8400A92028C941FD002E7AAA = {
						CreatedOnToolsVersion = 13.4.1;
						TestTargetID = 8400A91028C941F8002E7AAA;
					};
					8400A92A28C941FD002E7AAA = {
						CreatedOnToolsVersion = 13.4.1;
						TestTargetID = 8400A91028C941F8002E7AAA;
					};
				};
			};
			buildConfigurationList = 8400A90C28C941F8002E7AAA /* Build configuration list for PBXProject "Printeroo" */;
			compatibilityVersion = "Xcode 13.0";
			developmentRegion = en;
			hasScannedForEncodings = 0;
			knownRegions = (
				en,
				Base,
			);
			mainGroup = 8400A90828C941F8002E7AAA;
			packageReferences = (
				8416167928CCF146002D959A /* XCRemoteSwiftPackageReference "firebase-ios-sdk" */,
				841616AB28CFBA20002D959A /* XCRemoteSwiftPackageReference "stripe-ios" */,
				841616B828CFF849002D959A /* XCRemoteSwiftPackageReference "Mantis" */,
			);
			productRefGroup = 8400A91228C941F8002E7AAA /* Products */;
			projectDirPath = "";
			projectRoot = "";
			targets = (
				8400A91028C941F8002E7AAA /* Printeroo */,
				8400A92028C941FD002E7AAA /* PrinterooTests */,
				8400A92A28C941FD002E7AAA /* PrinterooUITests */,
			);
		};
/* End PBXProject section */

/* Begin PBXResourcesBuildPhase section */
		8400A90F28C941F8002E7AAA /* Resources */ = {
			isa = PBXResourcesBuildPhase;
			buildActionMask = 2147483647;
			files = (
				8400A91C28C941FD002E7AAA /* Preview Assets.xcassets in Resources */,
				8400A91928C941FD002E7AAA /* Assets.xcassets in Resources */,
				8416168D28CCF1B2002D959A /* GoogleService-Info.plist in Resources */,
			);
			runOnlyForDeploymentPostprocessing = 0;
		};
		8400A91F28C941FD002E7AAA /* Resources */ = {
			isa = PBXResourcesBuildPhase;
			buildActionMask = 2147483647;
			files = (
			);
			runOnlyForDeploymentPostprocessing = 0;
		};
		8400A92928C941FD002E7AAA /* Resources */ = {
			isa = PBXResourcesBuildPhase;
			buildActionMask = 2147483647;
			files = (
			);
			runOnlyForDeploymentPostprocessing = 0;
		};
/* End PBXResourcesBuildPhase section */

/* Begin PBXSourcesBuildPhase section */
		8400A90D28C941F8002E7AAA /* Sources */ = {
			isa = PBXSourcesBuildPhase;
			buildActionMask = 2147483647;
			files = (
				84248B3928CBE303001582D0 /* OrderConfirmView.swift in Sources */,
				84248B2A28CA75ED001582D0 /* CameraViewModel.swift in Sources */,
				84248B3D28CBE83D001582D0 /* OrderSelectionViewModel.swift in Sources */,
				841616BC28D0B11D002D959A /* ImageEditor.swift in Sources */,
				8400A91728C941F8002E7AAA /* ContentView.swift in Sources */,
				8400A91528C941F8002E7AAA /* PrinterooApp.swift in Sources */,
				84248B1728C96881001582D0 /* Color+Hexcode.swift in Sources */,
				8416168F28CD1E5C002D959A /* PrelogViewModel.swift in Sources */,
				8416169528CD1FB9002D959A /* Toast.swift in Sources */,
				841616A528CD22CE002D959A /* StateCodes.swift in Sources */,
				84248B1328C967D7001582D0 /* CustomColors.swift in Sources */,
				84248B2528CA6727001582D0 /* View+isHidden.swift in Sources */,
				84248B1E28CA4A50001582D0 /* OrderSelectionView.swift in Sources */,
				8416169328CD1F78002D959A /* LoginViewModel.swift in Sources */,
				84248B3128CAB3F1001582D0 /* CameraView.swift in Sources */,
				84248B2F28CA7AB2001582D0 /* ImagePicker.swift in Sources */,
				8416169928CD2050002D959A /* CreateAccountView.swift in Sources */,
				8416169728CD2002002D959A /* CreateAccountViewModel.swift in Sources */,
				8416169D28CD2122002D959A /* View+Placeholder.swift in Sources */,
				84248B3728CBBC3A001582D0 /* CameraPreview.swift in Sources */,
				8416169B28CD2098002D959A /* CustomTextbox.swift in Sources */,
				84248B2328CA4E4E001582D0 /* CheckoutItem.swift in Sources */,
				8416169128CD1F22002D959A /* LoginView.swift in Sources */,
				841616A128CD2216002D959A /* CustomDimensions.swift in Sources */,
				8416169F28CD215F002D959A /* CustomTitleText.swift in Sources */,
				841616A328CD2265002D959A /* CustomSecureTextbox.swift in Sources */,
				84248B1028C967A3001582D0 /* PrelogView.swift in Sources */,
			);
			runOnlyForDeploymentPostprocessing = 0;
		};
		8400A91D28C941FD002E7AAA /* Sources */ = {
			isa = PBXSourcesBuildPhase;
			buildActionMask = 2147483647;
			files = (
				8400A92628C941FD002E7AAA /* PrinterooTests.swift in Sources */,
			);
			runOnlyForDeploymentPostprocessing = 0;
		};
		8400A92728C941FD002E7AAA /* Sources */ = {
			isa = PBXSourcesBuildPhase;
			buildActionMask = 2147483647;
			files = (
				8400A93028C941FD002E7AAA /* PrinterooUITests.swift in Sources */,
				8400A93228C941FD002E7AAA /* PrinterooUITestsLaunchTests.swift in Sources */,
			);
			runOnlyForDeploymentPostprocessing = 0;
		};
/* End PBXSourcesBuildPhase section */

/* Begin PBXTargetDependency section */
		8400A92328C941FD002E7AAA /* PBXTargetDependency */ = {
			isa = PBXTargetDependency;
			target = 8400A91028C941F8002E7AAA /* Printeroo */;
			targetProxy = 8400A92228C941FD002E7AAA /* PBXContainerItemProxy */;
		};
		8400A92D28C941FD002E7AAA /* PBXTargetDependency */ = {
			isa = PBXTargetDependency;
			target = 8400A91028C941F8002E7AAA /* Printeroo */;
			targetProxy = 8400A92C28C941FD002E7AAA /* PBXContainerItemProxy */;
		};
/* End PBXTargetDependency section */

/* Begin XCBuildConfiguration section */
		8400A93328C941FD002E7AAA /* Debug */ = {
			isa = XCBuildConfiguration;
			buildSettings = {
				ALWAYS_SEARCH_USER_PATHS = NO;
				CLANG_ANALYZER_NONNULL = YES;
				CLANG_ANALYZER_NUMBER_OBJECT_CONVERSION = YES_AGGRESSIVE;
				CLANG_CXX_LANGUAGE_STANDARD = "gnu++17";
				CLANG_ENABLE_MODULES = YES;
				CLANG_ENABLE_OBJC_ARC = YES;
				CLANG_ENABLE_OBJC_WEAK = YES;
				CLANG_WARN_BLOCK_CAPTURE_AUTORELEASING = YES;
				CLANG_WARN_BOOL_CONVERSION = YES;
				CLANG_WARN_COMMA = YES;
				CLANG_WARN_CONSTANT_CONVERSION = YES;
				CLANG_WARN_DEPRECATED_OBJC_IMPLEMENTATIONS = YES;
				CLANG_WARN_DIRECT_OBJC_ISA_USAGE = YES_ERROR;
				CLANG_WARN_DOCUMENTATION_COMMENTS = YES;
				CLANG_WARN_EMPTY_BODY = YES;
				CLANG_WARN_ENUM_CONVERSION = YES;
				CLANG_WARN_INFINITE_RECURSION = YES;
				CLANG_WARN_INT_CONVERSION = YES;
				CLANG_WARN_NON_LITERAL_NULL_CONVERSION = YES;
				CLANG_WARN_OBJC_IMPLICIT_RETAIN_SELF = YES;
				CLANG_WARN_OBJC_LITERAL_CONVERSION = YES;
				CLANG_WARN_OBJC_ROOT_CLASS = YES_ERROR;
				CLANG_WARN_QUOTED_INCLUDE_IN_FRAMEWORK_HEADER = YES;
				CLANG_WARN_RANGE_LOOP_ANALYSIS = YES;
				CLANG_WARN_STRICT_PROTOTYPES = YES;
				CLANG_WARN_SUSPICIOUS_MOVE = YES;
				CLANG_WARN_UNGUARDED_AVAILABILITY = YES_AGGRESSIVE;
				CLANG_WARN_UNREACHABLE_CODE = YES;
				CLANG_WARN__DUPLICATE_METHOD_MATCH = YES;
				COPY_PHASE_STRIP = NO;
				DEBUG_INFORMATION_FORMAT = dwarf;
				ENABLE_STRICT_OBJC_MSGSEND = YES;
				ENABLE_TESTABILITY = YES;
				GCC_C_LANGUAGE_STANDARD = gnu11;
				GCC_DYNAMIC_NO_PIC = NO;
				GCC_NO_COMMON_BLOCKS = YES;
				GCC_OPTIMIZATION_LEVEL = 0;
				GCC_PREPROCESSOR_DEFINITIONS = (
					"DEBUG=1",
					"$(inherited)",
				);
				GCC_WARN_64_TO_32_BIT_CONVERSION = YES;
				GCC_WARN_ABOUT_RETURN_TYPE = YES_ERROR;
				GCC_WARN_UNDECLARED_SELECTOR = YES;
				GCC_WARN_UNINITIALIZED_AUTOS = YES_AGGRESSIVE;
				GCC_WARN_UNUSED_FUNCTION = YES;
				GCC_WARN_UNUSED_VARIABLE = YES;
				IPHONEOS_DEPLOYMENT_TARGET = 15.5;
				MTL_ENABLE_DEBUG_INFO = INCLUDE_SOURCE;
				MTL_FAST_MATH = YES;
				ONLY_ACTIVE_ARCH = YES;
				SDKROOT = iphoneos;
				SWIFT_ACTIVE_COMPILATION_CONDITIONS = DEBUG;
				SWIFT_OPTIMIZATION_LEVEL = "-Onone";
			};
			name = Debug;
		};
		8400A93428C941FD002E7AAA /* Release */ = {
			isa = XCBuildConfiguration;
			buildSettings = {
				ALWAYS_SEARCH_USER_PATHS = NO;
				CLANG_ANALYZER_NONNULL = YES;
				CLANG_ANALYZER_NUMBER_OBJECT_CONVERSION = YES_AGGRESSIVE;
				CLANG_CXX_LANGUAGE_STANDARD = "gnu++17";
				CLANG_ENABLE_MODULES = YES;
				CLANG_ENABLE_OBJC_ARC = YES;
				CLANG_ENABLE_OBJC_WEAK = YES;
				CLANG_WARN_BLOCK_CAPTURE_AUTORELEASING = YES;
				CLANG_WARN_BOOL_CONVERSION = YES;
				CLANG_WARN_COMMA = YES;
				CLANG_WARN_CONSTANT_CONVERSION = YES;
				CLANG_WARN_DEPRECATED_OBJC_IMPLEMENTATIONS = YES;
				CLANG_WARN_DIRECT_OBJC_ISA_USAGE = YES_ERROR;
				CLANG_WARN_DOCUMENTATION_COMMENTS = YES;
				CLANG_WARN_EMPTY_BODY = YES;
				CLANG_WARN_ENUM_CONVERSION = YES;
				CLANG_WARN_INFINITE_RECURSION = YES;
				CLANG_WARN_INT_CONVERSION = YES;
				CLANG_WARN_NON_LITERAL_NULL_CONVERSION = YES;
				CLANG_WARN_OBJC_IMPLICIT_RETAIN_SELF = YES;
				CLANG_WARN_OBJC_LITERAL_CONVERSION = YES;
				CLANG_WARN_OBJC_ROOT_CLASS = YES_ERROR;
				CLANG_WARN_QUOTED_INCLUDE_IN_FRAMEWORK_HEADER = YES;
				CLANG_WARN_RANGE_LOOP_ANALYSIS = YES;
				CLANG_WARN_STRICT_PROTOTYPES = YES;
				CLANG_WARN_SUSPICIOUS_MOVE = YES;
				CLANG_WARN_UNGUARDED_AVAILABILITY = YES_AGGRESSIVE;
				CLANG_WARN_UNREACHABLE_CODE = YES;
				CLANG_WARN__DUPLICATE_METHOD_MATCH = YES;
				COPY_PHASE_STRIP = NO;
				DEBUG_INFORMATION_FORMAT = "dwarf-with-dsym";
				ENABLE_NS_ASSERTIONS = NO;
				ENABLE_STRICT_OBJC_MSGSEND = YES;
				GCC_C_LANGUAGE_STANDARD = gnu11;
				GCC_NO_COMMON_BLOCKS = YES;
				GCC_WARN_64_TO_32_BIT_CONVERSION = YES;
				GCC_WARN_ABOUT_RETURN_TYPE = YES_ERROR;
				GCC_WARN_UNDECLARED_SELECTOR = YES;
				GCC_WARN_UNINITIALIZED_AUTOS = YES_AGGRESSIVE;
				GCC_WARN_UNUSED_FUNCTION = YES;
				GCC_WARN_UNUSED_VARIABLE = YES;
				IPHONEOS_DEPLOYMENT_TARGET = 15.5;
				MTL_ENABLE_DEBUG_INFO = NO;
				MTL_FAST_MATH = YES;
				SDKROOT = iphoneos;
				SWIFT_COMPILATION_MODE = wholemodule;
				SWIFT_OPTIMIZATION_LEVEL = "-O";
				VALIDATE_PRODUCT = YES;
			};
			name = Release;
		};
		8400A93628C941FD002E7AAA /* Debug */ = {
			isa = XCBuildConfiguration;
			buildSettings = {
				ASSETCATALOG_COMPILER_APPICON_NAME = AppIcon;
				ASSETCATALOG_COMPILER_GLOBAL_ACCENT_COLOR_NAME = AccentColor;
				CODE_SIGN_STYLE = Automatic;
				CURRENT_PROJECT_VERSION = 1;
				DEVELOPMENT_ASSET_PATHS = "\"Printeroo/Preview Content\"";
				DEVELOPMENT_TEAM = X9NZ672UUT;
				ENABLE_PREVIEWS = YES;
				GENERATE_INFOPLIST_FILE = YES;
				INFOPLIST_KEY_NSCameraUsageDescription = "Printeroo requires camera permissions to function";
				INFOPLIST_KEY_NSPhotoLibraryUsageDescription = "Printeroo would like to save pictures to your Photo Library";
				INFOPLIST_KEY_UIApplicationSceneManifest_Generation = YES;
				INFOPLIST_KEY_UIApplicationSupportsIndirectInputEvents = YES;
				INFOPLIST_KEY_UILaunchScreen_Generation = YES;
				INFOPLIST_KEY_UISupportedInterfaceOrientations_iPad = "UIInterfaceOrientationPortrait UIInterfaceOrientationPortraitUpsideDown UIInterfaceOrientationLandscapeLeft UIInterfaceOrientationLandscapeRight";
				INFOPLIST_KEY_UISupportedInterfaceOrientations_iPhone = "UIInterfaceOrientationPortrait UIInterfaceOrientationLandscapeLeft UIInterfaceOrientationLandscapeRight";
				LD_RUNPATH_SEARCH_PATHS = (
					"$(inherited)",
					"@executable_path/Frameworks",
				);
				MARKETING_VERSION = 1.0;
				PRODUCT_BUNDLE_IDENTIFIER = keithc.Printeroo;
				PRODUCT_NAME = "$(TARGET_NAME)";
				SWIFT_EMIT_LOC_STRINGS = YES;
				SWIFT_VERSION = 5.0;
				TARGETED_DEVICE_FAMILY = "1,2";
			};
			name = Debug;
		};
		8400A93728C941FD002E7AAA /* Release */ = {
			isa = XCBuildConfiguration;
			buildSettings = {
				ASSETCATALOG_COMPILER_APPICON_NAME = AppIcon;
				ASSETCATALOG_COMPILER_GLOBAL_ACCENT_COLOR_NAME = AccentColor;
				CODE_SIGN_STYLE = Automatic;
				CURRENT_PROJECT_VERSION = 1;
				DEVELOPMENT_ASSET_PATHS = "\"Printeroo/Preview Content\"";
				DEVELOPMENT_TEAM = X9NZ672UUT;
				ENABLE_PREVIEWS = YES;
				GENERATE_INFOPLIST_FILE = YES;
				INFOPLIST_KEY_NSCameraUsageDescription = "Printeroo requires camera permissions to function";
				INFOPLIST_KEY_NSPhotoLibraryUsageDescription = "Printeroo would like to save pictures to your Photo Library";
				INFOPLIST_KEY_UIApplicationSceneManifest_Generation = YES;
				INFOPLIST_KEY_UIApplicationSupportsIndirectInputEvents = YES;
				INFOPLIST_KEY_UILaunchScreen_Generation = YES;
				INFOPLIST_KEY_UISupportedInterfaceOrientations_iPad = "UIInterfaceOrientationPortrait UIInterfaceOrientationPortraitUpsideDown UIInterfaceOrientationLandscapeLeft UIInterfaceOrientationLandscapeRight";
				INFOPLIST_KEY_UISupportedInterfaceOrientations_iPhone = "UIInterfaceOrientationPortrait UIInterfaceOrientationLandscapeLeft UIInterfaceOrientationLandscapeRight";
				LD_RUNPATH_SEARCH_PATHS = (
					"$(inherited)",
					"@executable_path/Frameworks",
				);
				MARKETING_VERSION = 1.0;
				PRODUCT_BUNDLE_IDENTIFIER = keithc.Printeroo;
				PRODUCT_NAME = "$(TARGET_NAME)";
				SWIFT_EMIT_LOC_STRINGS = YES;
				SWIFT_VERSION = 5.0;
				TARGETED_DEVICE_FAMILY = "1,2";
			};
			name = Release;
		};
		8400A93928C941FD002E7AAA /* Debug */ = {
			isa = XCBuildConfiguration;
			buildSettings = {
				ALWAYS_EMBED_SWIFT_STANDARD_LIBRARIES = YES;
				BUNDLE_LOADER = "$(TEST_HOST)";
				CODE_SIGN_STYLE = Automatic;
				CURRENT_PROJECT_VERSION = 1;
				DEVELOPMENT_TEAM = X9NZ672UUT;
				GENERATE_INFOPLIST_FILE = YES;
				IPHONEOS_DEPLOYMENT_TARGET = 15.5;
				MARKETING_VERSION = 1.0;
				PRODUCT_BUNDLE_IDENTIFIER = keithcestaro.PrinterooTests;
				PRODUCT_NAME = "$(TARGET_NAME)";
				SWIFT_EMIT_LOC_STRINGS = NO;
				SWIFT_VERSION = 5.0;
				TARGETED_DEVICE_FAMILY = "1,2";
				TEST_HOST = "$(BUILT_PRODUCTS_DIR)/Printeroo.app/Printeroo";
			};
			name = Debug;
		};
		8400A93A28C941FD002E7AAA /* Release */ = {
			isa = XCBuildConfiguration;
			buildSettings = {
				ALWAYS_EMBED_SWIFT_STANDARD_LIBRARIES = YES;
				BUNDLE_LOADER = "$(TEST_HOST)";
				CODE_SIGN_STYLE = Automatic;
				CURRENT_PROJECT_VERSION = 1;
				DEVELOPMENT_TEAM = X9NZ672UUT;
				GENERATE_INFOPLIST_FILE = YES;
				IPHONEOS_DEPLOYMENT_TARGET = 15.5;
				MARKETING_VERSION = 1.0;
				PRODUCT_BUNDLE_IDENTIFIER = keithcestaro.PrinterooTests;
				PRODUCT_NAME = "$(TARGET_NAME)";
				SWIFT_EMIT_LOC_STRINGS = NO;
				SWIFT_VERSION = 5.0;
				TARGETED_DEVICE_FAMILY = "1,2";
				TEST_HOST = "$(BUILT_PRODUCTS_DIR)/Printeroo.app/Printeroo";
			};
			name = Release;
		};
		8400A93C28C941FD002E7AAA /* Debug */ = {
			isa = XCBuildConfiguration;
			buildSettings = {
				ALWAYS_EMBED_SWIFT_STANDARD_LIBRARIES = YES;
				CODE_SIGN_STYLE = Automatic;
				CURRENT_PROJECT_VERSION = 1;
				DEVELOPMENT_TEAM = X9NZ672UUT;
				GENERATE_INFOPLIST_FILE = YES;
				MARKETING_VERSION = 1.0;
				PRODUCT_BUNDLE_IDENTIFIER = keithcestaro.PrinterooUITests;
				PRODUCT_NAME = "$(TARGET_NAME)";
				SWIFT_EMIT_LOC_STRINGS = NO;
				SWIFT_VERSION = 5.0;
				TARGETED_DEVICE_FAMILY = "1,2";
				TEST_TARGET_NAME = Printeroo;
			};
			name = Debug;
		};
		8400A93D28C941FD002E7AAA /* Release */ = {
			isa = XCBuildConfiguration;
			buildSettings = {
				ALWAYS_EMBED_SWIFT_STANDARD_LIBRARIES = YES;
				CODE_SIGN_STYLE = Automatic;
				CURRENT_PROJECT_VERSION = 1;
				DEVELOPMENT_TEAM = X9NZ672UUT;
				GENERATE_INFOPLIST_FILE = YES;
				MARKETING_VERSION = 1.0;
				PRODUCT_BUNDLE_IDENTIFIER = keithcestaro.PrinterooUITests;
				PRODUCT_NAME = "$(TARGET_NAME)";
				SWIFT_EMIT_LOC_STRINGS = NO;
				SWIFT_VERSION = 5.0;
				TARGETED_DEVICE_FAMILY = "1,2";
				TEST_TARGET_NAME = Printeroo;
			};
			name = Release;
		};
/* End XCBuildConfiguration section */

/* Begin XCConfigurationList section */
		8400A90C28C941F8002E7AAA /* Build configuration list for PBXProject "Printeroo" */ = {
			isa = XCConfigurationList;
			buildConfigurations = (
				8400A93328C941FD002E7AAA /* Debug */,
				8400A93428C941FD002E7AAA /* Release */,
			);
			defaultConfigurationIsVisible = 0;
			defaultConfigurationName = Release;
		};
		8400A93528C941FD002E7AAA /* Build configuration list for PBXNativeTarget "Printeroo" */ = {
			isa = XCConfigurationList;
			buildConfigurations = (
				8400A93628C941FD002E7AAA /* Debug */,
				8400A93728C941FD002E7AAA /* Release */,
			);
			defaultConfigurationIsVisible = 0;
			defaultConfigurationName = Release;
		};
		8400A93828C941FD002E7AAA /* Build configuration list for PBXNativeTarget "PrinterooTests" */ = {
			isa = XCConfigurationList;
			buildConfigurations = (
				8400A93928C941FD002E7AAA /* Debug */,
				8400A93A28C941FD002E7AAA /* Release */,
			);
			defaultConfigurationIsVisible = 0;
			defaultConfigurationName = Release;
		};
		8400A93B28C941FD002E7AAA /* Build configuration list for PBXNativeTarget "PrinterooUITests" */ = {
			isa = XCConfigurationList;
			buildConfigurations = (
				8400A93C28C941FD002E7AAA /* Debug */,
				8400A93D28C941FD002E7AAA /* Release */,
			);
			defaultConfigurationIsVisible = 0;
			defaultConfigurationName = Release;
		};
/* End XCConfigurationList section */

/* Begin XCRemoteSwiftPackageReference section */
		8416167928CCF146002D959A /* XCRemoteSwiftPackageReference "firebase-ios-sdk" */ = {
			isa = XCRemoteSwiftPackageReference;
			repositoryURL = "https://github.com/firebase/firebase-ios-sdk";
			requirement = {
				kind = upToNextMajorVersion;
				minimumVersion = 9.0.0;
			};
		};
		841616AB28CFBA20002D959A /* XCRemoteSwiftPackageReference "stripe-ios" */ = {
			isa = XCRemoteSwiftPackageReference;
			repositoryURL = "https://github.com/stripe/stripe-ios.git";
			requirement = {
				kind = upToNextMajorVersion;
				minimumVersion = 22.0.0;
			};
		};
		841616B828CFF849002D959A /* XCRemoteSwiftPackageReference "Mantis" */ = {
			isa = XCRemoteSwiftPackageReference;
			repositoryURL = "https://github.com/guoyingtao/Mantis";
			requirement = {
				kind = upToNextMajorVersion;
				minimumVersion = 1.0.0;
			};
		};
/* End XCRemoteSwiftPackageReference section */

/* Begin XCSwiftPackageProductDependency section */
		8416167A28CCF146002D959A /* FirebaseAnalytics */ = {
			isa = XCSwiftPackageProductDependency;
			package = 8416167928CCF146002D959A /* XCRemoteSwiftPackageReference "firebase-ios-sdk" */;
			productName = FirebaseAnalytics;
		};
		8416167C28CCF146002D959A /* FirebaseAnalyticsSwift */ = {
			isa = XCSwiftPackageProductDependency;
			package = 8416167928CCF146002D959A /* XCRemoteSwiftPackageReference "firebase-ios-sdk" */;
			productName = FirebaseAnalyticsSwift;
		};
		8416167E28CCF146002D959A /* FirebaseAuth */ = {
			isa = XCSwiftPackageProductDependency;
			package = 8416167928CCF146002D959A /* XCRemoteSwiftPackageReference "firebase-ios-sdk" */;
			productName = FirebaseAuth;
		};
		8416168028CCF146002D959A /* FirebaseCrashlytics */ = {
			isa = XCSwiftPackageProductDependency;
			package = 8416167928CCF146002D959A /* XCRemoteSwiftPackageReference "firebase-ios-sdk" */;
			productName = FirebaseCrashlytics;
		};
		8416168228CCF146002D959A /* FirebaseDatabase */ = {
			isa = XCSwiftPackageProductDependency;
			package = 8416167928CCF146002D959A /* XCRemoteSwiftPackageReference "firebase-ios-sdk" */;
			productName = FirebaseDatabase;
		};
		8416168428CCF146002D959A /* FirebaseDatabaseSwift */ = {
			isa = XCSwiftPackageProductDependency;
			package = 8416167928CCF146002D959A /* XCRemoteSwiftPackageReference "firebase-ios-sdk" */;
			productName = FirebaseDatabaseSwift;
		};
		8416168628CCF146002D959A /* FirebaseFunctions */ = {
			isa = XCSwiftPackageProductDependency;
			package = 8416167928CCF146002D959A /* XCRemoteSwiftPackageReference "firebase-ios-sdk" */;
			productName = FirebaseFunctions;
		};
		8416168828CCF146002D959A /* FirebaseMessaging */ = {
			isa = XCSwiftPackageProductDependency;
			package = 8416167928CCF146002D959A /* XCRemoteSwiftPackageReference "firebase-ios-sdk" */;
			productName = FirebaseMessaging;
		};
		8416168A28CCF146002D959A /* FirebaseStorage */ = {
			isa = XCSwiftPackageProductDependency;
			package = 8416167928CCF146002D959A /* XCRemoteSwiftPackageReference "firebase-ios-sdk" */;
			productName = FirebaseStorage;
		};
		841616AC28CFBA20002D959A /* Stripe */ = {
			isa = XCSwiftPackageProductDependency;
			package = 841616AB28CFBA20002D959A /* XCRemoteSwiftPackageReference "stripe-ios" */;
			productName = Stripe;
		};
		841616AE28CFBA20002D959A /* StripeApplePay */ = {
			isa = XCSwiftPackageProductDependency;
			package = 841616AB28CFBA20002D959A /* XCRemoteSwiftPackageReference "stripe-ios" */;
			productName = StripeApplePay;
		};
		841616B028CFBA20002D959A /* StripeCardScan */ = {
			isa = XCSwiftPackageProductDependency;
			package = 841616AB28CFBA20002D959A /* XCRemoteSwiftPackageReference "stripe-ios" */;
			productName = StripeCardScan;
		};
		841616B228CFBA20002D959A /* StripeFinancialConnections */ = {
			isa = XCSwiftPackageProductDependency;
			package = 841616AB28CFBA20002D959A /* XCRemoteSwiftPackageReference "stripe-ios" */;
			productName = StripeFinancialConnections;
		};
		841616B428CFBA20002D959A /* StripeIdentity */ = {
			isa = XCSwiftPackageProductDependency;
			package = 841616AB28CFBA20002D959A /* XCRemoteSwiftPackageReference "stripe-ios" */;
			productName = StripeIdentity;
		};
		841616B928CFF849002D959A /* Mantis */ = {
			isa = XCSwiftPackageProductDependency;
			package = 841616B828CFF849002D959A /* XCRemoteSwiftPackageReference "Mantis" */;
			productName = Mantis;
		};
/* End XCSwiftPackageProductDependency section */
	};
	rootObject = 8400A90928C941F8002E7AAA /* Project object */;
}
